// !$*UTF8*$!
{
	archiveVersion = 1;
	classes = {
	};
	objectVersion = 56;
	objects = {

/* Begin PBXBuildFile section */
		D661556B2A00235000AE8E63 /* FetchRequestApp.swift in Sources */ = {isa = PBXBuildFile; fileRef = D661556A2A00235000AE8E63 /* FetchRequestApp.swift */; };
		D661556D2A00235000AE8E63 /* ContentView.swift in Sources */ = {isa = PBXBuildFile; fileRef = D661556C2A00235000AE8E63 /* ContentView.swift */; };
		D661556F2A00235100AE8E63 /* Assets.xcassets in Resources */ = {isa = PBXBuildFile; fileRef = D661556E2A00235100AE8E63 /* Assets.xcassets */; };
		D66155722A00235100AE8E63 /* Preview Assets.xcassets in Resources */ = {isa = PBXBuildFile; fileRef = D66155712A00235100AE8E63 /* Preview Assets.xcassets */; };
		D661557B2A002BE000AE8E63 /* Meal.swift in Sources */ = {isa = PBXBuildFile; fileRef = D661557A2A002BE000AE8E63 /* Meal.swift */; };
		D661557D2A00452A00AE8E63 /* CategoryView.swift in Sources */ = {isa = PBXBuildFile; fileRef = D661557C2A00452A00AE8E63 /* CategoryView.swift */; };
		D661557F2A00453900AE8E63 /* DetailView.swift in Sources */ = {isa = PBXBuildFile; fileRef = D661557E2A00453900AE8E63 /* DetailView.swift */; };
		D66155832A007C2000AE8E63 /* DetailViewModel.swift in Sources */ = {isa = PBXBuildFile; fileRef = D66155822A007C2000AE8E63 /* DetailViewModel.swift */; };
		D66155852A007C2D00AE8E63 /* CategoryViewModel.swift in Sources */ = {isa = PBXBuildFile; fileRef = D66155842A007C2D00AE8E63 /* CategoryViewModel.swift */; };
		D66155872A00824E00AE8E63 /* LoadingView.swift in Sources */ = {isa = PBXBuildFile; fileRef = D66155862A00824E00AE8E63 /* LoadingView.swift */; };
		D66155892A012F9400AE8E63 /* MealCategory.swift in Sources */ = {isa = PBXBuildFile; fileRef = D66155882A012F9400AE8E63 /* MealCategory.swift */; };
		D66155922A0215C400AE8E63 /* MealDetails.swift in Sources */ = {isa = PBXBuildFile; fileRef = D66155912A0215C400AE8E63 /* MealDetails.swift */; };
		D66155D32A02C9F300AE8E63 /* FetchRequestTests.swift in Sources */ = {isa = PBXBuildFile; fileRef = D66155D22A02C9F300AE8E63 /* FetchRequestTests.swift */; };
		D66155DA2A02CC3000AE8E63 /* IngredientRow.swift in Sources */ = {isa = PBXBuildFile; fileRef = D66155D92A02CC3000AE8E63 /* IngredientRow.swift */; };
/* End PBXBuildFile section */

/* Begin PBXContainerItemProxy section */
		D66155D42A02C9F300AE8E63 /* PBXContainerItemProxy */ = {
			isa = PBXContainerItemProxy;
			containerPortal = D661555F2A00235000AE8E63 /* Project object */;
			proxyType = 1;
			remoteGlobalIDString = D66155662A00235000AE8E63;
			remoteInfo = FetchRequest;
		};
/* End PBXContainerItemProxy section */

/* Begin PBXFileReference section */
		D66155672A00235000AE8E63 /* FetchRequest.app */ = {isa = PBXFileReference; explicitFileType = wrapper.application; includeInIndex = 0; path = FetchRequest.app; sourceTree = BUILT_PRODUCTS_DIR; };
		D661556A2A00235000AE8E63 /* FetchRequestApp.swift */ = {isa = PBXFileReference; lastKnownFileType = sourcecode.swift; path = FetchRequestApp.swift; sourceTree = "<group>"; };
		D661556C2A00235000AE8E63 /* ContentView.swift */ = {isa = PBXFileReference; lastKnownFileType = sourcecode.swift; path = ContentView.swift; sourceTree = "<group>"; };
		D661556E2A00235100AE8E63 /* Assets.xcassets */ = {isa = PBXFileReference; lastKnownFileType = folder.assetcatalog; path = Assets.xcassets; sourceTree = "<group>"; };
		D66155712A00235100AE8E63 /* Preview Assets.xcassets */ = {isa = PBXFileReference; lastKnownFileType = folder.assetcatalog; path = "Preview Assets.xcassets"; sourceTree = "<group>"; };
		D661557A2A002BE000AE8E63 /* Meal.swift */ = {isa = PBXFileReference; lastKnownFileType = sourcecode.swift; path = Meal.swift; sourceTree = "<group>"; };
		D661557C2A00452A00AE8E63 /* CategoryView.swift */ = {isa = PBXFileReference; lastKnownFileType = sourcecode.swift; path = CategoryView.swift; sourceTree = "<group>"; };
		D661557E2A00453900AE8E63 /* DetailView.swift */ = {isa = PBXFileReference; lastKnownFileType = sourcecode.swift; path = DetailView.swift; sourceTree = "<group>"; };
		D66155822A007C2000AE8E63 /* DetailViewModel.swift */ = {isa = PBXFileReference; lastKnownFileType = sourcecode.swift; path = DetailViewModel.swift; sourceTree = "<group>"; };
		D66155842A007C2D00AE8E63 /* CategoryViewModel.swift */ = {isa = PBXFileReference; lastKnownFileType = sourcecode.swift; path = CategoryViewModel.swift; sourceTree = "<group>"; };
		D66155862A00824E00AE8E63 /* LoadingView.swift */ = {isa = PBXFileReference; lastKnownFileType = sourcecode.swift; path = LoadingView.swift; sourceTree = "<group>"; };
		D66155882A012F9400AE8E63 /* MealCategory.swift */ = {isa = PBXFileReference; lastKnownFileType = sourcecode.swift; path = MealCategory.swift; sourceTree = "<group>"; };
		D66155912A0215C400AE8E63 /* MealDetails.swift */ = {isa = PBXFileReference; lastKnownFileType = sourcecode.swift; path = MealDetails.swift; sourceTree = "<group>"; };
		D66155D02A02C9F300AE8E63 /* FetchRequestTests.xctest */ = {isa = PBXFileReference; explicitFileType = wrapper.cfbundle; includeInIndex = 0; path = FetchRequestTests.xctest; sourceTree = BUILT_PRODUCTS_DIR; };
		D66155D22A02C9F300AE8E63 /* FetchRequestTests.swift */ = {isa = PBXFileReference; lastKnownFileType = sourcecode.swift; path = FetchRequestTests.swift; sourceTree = "<group>"; };
		D66155D92A02CC3000AE8E63 /* IngredientRow.swift */ = {isa = PBXFileReference; lastKnownFileType = sourcecode.swift; path = IngredientRow.swift; sourceTree = "<group>"; };
/* End PBXFileReference section */

/* Begin PBXFrameworksBuildPhase section */
		D66155642A00235000AE8E63 /* Frameworks */ = {
			isa = PBXFrameworksBuildPhase;
			buildActionMask = 2147483647;
			files = (
			);
			runOnlyForDeploymentPostprocessing = 0;
		};
		D66155CD2A02C9F300AE8E63 /* Frameworks */ = {
			isa = PBXFrameworksBuildPhase;
			buildActionMask = 2147483647;
			files = (
			);
			runOnlyForDeploymentPostprocessing = 0;
		};
/* End PBXFrameworksBuildPhase section */

/* Begin PBXGroup section */
		D661555E2A00235000AE8E63 = {
			isa = PBXGroup;
			children = (
				D66155692A00235000AE8E63 /* FetchRequest */,
				D66155D12A02C9F300AE8E63 /* FetchRequestTests */,
				D66155682A00235000AE8E63 /* Products */,
			);
			sourceTree = "<group>";
		};
		D66155682A00235000AE8E63 /* Products */ = {
			isa = PBXGroup;
			children = (
				D66155672A00235000AE8E63 /* FetchRequest.app */,
				D66155D02A02C9F300AE8E63 /* FetchRequestTests.xctest */,
			);
			name = Products;
			sourceTree = "<group>";
		};
		D66155692A00235000AE8E63 /* FetchRequest */ = {
			isa = PBXGroup;
			children = (
				D661556A2A00235000AE8E63 /* FetchRequestApp.swift */,
				D661556C2A00235000AE8E63 /* ContentView.swift */,
				D66155782A00254D00AE8E63 /* Views */,
				D66155792A002BA700AE8E63 /* Models */,
				D661556E2A00235100AE8E63 /* Assets.xcassets */,
				D66155702A00235100AE8E63 /* Preview Content */,
			);
			path = FetchRequest;
			sourceTree = "<group>";
		};
		D66155702A00235100AE8E63 /* Preview Content */ = {
			isa = PBXGroup;
			children = (
				D66155712A00235100AE8E63 /* Preview Assets.xcassets */,
			);
			path = "Preview Content";
			sourceTree = "<group>";
		};
		D66155782A00254D00AE8E63 /* Views */ = {
			isa = PBXGroup;
			children = (
				D661557C2A00452A00AE8E63 /* CategoryView.swift */,
				D66155842A007C2D00AE8E63 /* CategoryViewModel.swift */,
				D661557E2A00453900AE8E63 /* DetailView.swift */,
				D66155822A007C2000AE8E63 /* DetailViewModel.swift */,
				D66155862A00824E00AE8E63 /* LoadingView.swift */,
			);
			path = Views;
			sourceTree = "<group>";
		};
		D66155792A002BA700AE8E63 /* Models */ = {
			isa = PBXGroup;
			children = (
				D661557A2A002BE000AE8E63 /* Meal.swift */,
				D66155912A0215C400AE8E63 /* MealDetails.swift */,
				D66155882A012F9400AE8E63 /* MealCategory.swift */,
				D66155D92A02CC3000AE8E63 /* IngredientRow.swift */,
			);
			path = Models;
			sourceTree = "<group>";
		};
		D66155D12A02C9F300AE8E63 /* FetchRequestTests */ = {
			isa = PBXGroup;
			children = (
				D66155D22A02C9F300AE8E63 /* FetchRequestTests.swift */,
			);
			path = FetchRequestTests;
			sourceTree = "<group>";
		};
/* End PBXGroup section */

/* Begin PBXNativeTarget section */
		D66155662A00235000AE8E63 /* FetchRequest */ = {
			isa = PBXNativeTarget;
			buildConfigurationList = D66155752A00235100AE8E63 /* Build configuration list for PBXNativeTarget "FetchRequest" */;
			buildPhases = (
				D66155632A00235000AE8E63 /* Sources */,
				D66155642A00235000AE8E63 /* Frameworks */,
				D66155652A00235000AE8E63 /* Resources */,
			);
			buildRules = (
			);
			dependencies = (
			);
			name = FetchRequest;
			productName = FetchRequest;
			productReference = D66155672A00235000AE8E63 /* FetchRequest.app */;
			productType = "com.apple.product-type.application";
		};
		D66155CF2A02C9F300AE8E63 /* FetchRequestTests */ = {
			isa = PBXNativeTarget;
			buildConfigurationList = D66155D82A02C9F300AE8E63 /* Build configuration list for PBXNativeTarget "FetchRequestTests" */;
			buildPhases = (
				D66155CC2A02C9F300AE8E63 /* Sources */,
				D66155CD2A02C9F300AE8E63 /* Frameworks */,
				D66155CE2A02C9F300AE8E63 /* Resources */,
			);
			buildRules = (
			);
			dependencies = (
				D66155D52A02C9F300AE8E63 /* PBXTargetDependency */,
			);
			name = FetchRequestTests;
			productName = FetchRequestTests;
			productReference = D66155D02A02C9F300AE8E63 /* FetchRequestTests.xctest */;
			productType = "com.apple.product-type.bundle.unit-test";
		};
/* End PBXNativeTarget section */

/* Begin PBXProject section */
		D661555F2A00235000AE8E63 /* Project object */ = {
			isa = PBXProject;
			attributes = {
				BuildIndependentTargetsInParallel = 1;
				LastSwiftUpdateCheck = 1420;
				LastUpgradeCheck = 1420;
				TargetAttributes = {
					D66155662A00235000AE8E63 = {
						CreatedOnToolsVersion = 14.2;
					};
					D66155CF2A02C9F300AE8E63 = {
						CreatedOnToolsVersion = 14.2;
						TestTargetID = D66155662A00235000AE8E63;
					};
				};
			};
			buildConfigurationList = D66155622A00235000AE8E63 /* Build configuration list for PBXProject "FetchRequest" */;
			compatibilityVersion = "Xcode 14.0";
			developmentRegion = en;
			hasScannedForEncodings = 0;
			knownRegions = (
				en,
				Base,
			);
			mainGroup = D661555E2A00235000AE8E63;
			productRefGroup = D66155682A00235000AE8E63 /* Products */;
			projectDirPath = "";
			projectRoot = "";
			targets = (
				D66155662A00235000AE8E63 /* FetchRequest */,
				D66155CF2A02C9F300AE8E63 /* FetchRequestTests */,
			);
		};
/* End PBXProject section */

/* Begin PBXResourcesBuildPhase section */
		D66155652A00235000AE8E63 /* Resources */ = {
			isa = PBXResourcesBuildPhase;
			buildActionMask = 2147483647;
			files = (
				D66155722A00235100AE8E63 /* Preview Assets.xcassets in Resources */,
				D661556F2A00235100AE8E63 /* Assets.xcassets in Resources */,
			);
			runOnlyForDeploymentPostprocessing = 0;
		};
		D66155CE2A02C9F300AE8E63 /* Resources */ = {
			isa = PBXResourcesBuildPhase;
			buildActionMask = 2147483647;
			files = (
			);
			runOnlyForDeploymentPostprocessing = 0;
		};
/* End PBXResourcesBuildPhase section */

/* Begin PBXSourcesBuildPhase section */
		D66155632A00235000AE8E63 /* Sources */ = {
			isa = PBXSourcesBuildPhase;
			buildActionMask = 2147483647;
			files = (
				D661556D2A00235000AE8E63 /* ContentView.swift in Sources */,
				D66155892A012F9400AE8E63 /* MealCategory.swift in Sources */,
				D66155832A007C2000AE8E63 /* DetailViewModel.swift in Sources */,
				D66155922A0215C400AE8E63 /* MealDetails.swift in Sources */,
				D661557B2A002BE000AE8E63 /* Meal.swift in Sources */,
				D66155852A007C2D00AE8E63 /* CategoryViewModel.swift in Sources */,
				D661557D2A00452A00AE8E63 /* CategoryView.swift in Sources */,
				D661557F2A00453900AE8E63 /* DetailView.swift in Sources */,
				D661556B2A00235000AE8E63 /* FetchRequestApp.swift in Sources */,
				D66155DA2A02CC3000AE8E63 /* IngredientRow.swift in Sources */,
				D66155872A00824E00AE8E63 /* LoadingView.swift in Sources */,
			);
			runOnlyForDeploymentPostprocessing = 0;
		};
		D66155CC2A02C9F300AE8E63 /* Sources */ = {
			isa = PBXSourcesBuildPhase;
			buildActionMask = 2147483647;
			files = (
				D66155D32A02C9F300AE8E63 /* FetchRequestTests.swift in Sources */,
			);
			runOnlyForDeploymentPostprocessing = 0;
		};
/* End PBXSourcesBuildPhase section */

/* Begin PBXTargetDependency section */
		D66155D52A02C9F300AE8E63 /* PBXTargetDependency */ = {
			isa = PBXTargetDependency;
			target = D66155662A00235000AE8E63 /* FetchRequest */;
			targetProxy = D66155D42A02C9F300AE8E63 /* PBXContainerItemProxy */;
		};
/* End PBXTargetDependency section */

/* Begin XCBuildConfiguration section */
		D66155732A00235100AE8E63 /* Debug */ = {
			isa = XCBuildConfiguration;
			buildSettings = {
				ALWAYS_SEARCH_USER_PATHS = NO;
				CLANG_ANALYZER_NONNULL = YES;
				CLANG_ANALYZER_NUMBER_OBJECT_CONVERSION = YES_AGGRESSIVE;
				CLANG_CXX_LANGUAGE_STANDARD = "gnu++20";
				CLANG_ENABLE_MODULES = YES;
				CLANG_ENABLE_OBJC_ARC = YES;
				CLANG_ENABLE_OBJC_WEAK = YES;
				CLANG_WARN_BLOCK_CAPTURE_AUTORELEASING = YES;
				CLANG_WARN_BOOL_CONVERSION = YES;
				CLANG_WARN_COMMA = YES;
				CLANG_WARN_CONSTANT_CONVERSION = YES;
				CLANG_WARN_DEPRECATED_OBJC_IMPLEMENTATIONS = YES;
				CLANG_WARN_DIRECT_OBJC_ISA_USAGE = YES_ERROR;
				CLANG_WARN_DOCUMENTATION_COMMENTS = YES;
				CLANG_WARN_EMPTY_BODY = YES;
				CLANG_WARN_ENUM_CONVERSION = YES;
				CLANG_WARN_INFINITE_RECURSION = YES;
				CLANG_WARN_INT_CONVERSION = YES;
				CLANG_WARN_NON_LITERAL_NULL_CONVERSION = YES;
				CLANG_WARN_OBJC_IMPLICIT_RETAIN_SELF = YES;
				CLANG_WARN_OBJC_LITERAL_CONVERSION = YES;
				CLANG_WARN_OBJC_ROOT_CLASS = YES_ERROR;
				CLANG_WARN_QUOTED_INCLUDE_IN_FRAMEWORK_HEADER = YES;
				CLANG_WARN_RANGE_LOOP_ANALYSIS = YES;
				CLANG_WARN_STRICT_PROTOTYPES = YES;
				CLANG_WARN_SUSPICIOUS_MOVE = YES;
				CLANG_WARN_UNGUARDED_AVAILABILITY = YES_AGGRESSIVE;
				CLANG_WARN_UNREACHABLE_CODE = YES;
				CLANG_WARN__DUPLICATE_METHOD_MATCH = YES;
				COPY_PHASE_STRIP = NO;
				DEBUG_INFORMATION_FORMAT = dwarf;
				ENABLE_STRICT_OBJC_MSGSEND = YES;
				ENABLE_TESTABILITY = YES;
				GCC_C_LANGUAGE_STANDARD = gnu11;
				GCC_DYNAMIC_NO_PIC = NO;
				GCC_NO_COMMON_BLOCKS = YES;
				GCC_OPTIMIZATION_LEVEL = 0;
				GCC_PREPROCESSOR_DEFINITIONS = (
					"DEBUG=1",
					"$(inherited)",
				);
				GCC_WARN_64_TO_32_BIT_CONVERSION = YES;
				GCC_WARN_ABOUT_RETURN_TYPE = YES_ERROR;
				GCC_WARN_UNDECLARED_SELECTOR = YES;
				GCC_WARN_UNINITIALIZED_AUTOS = YES_AGGRESSIVE;
				GCC_WARN_UNUSED_FUNCTION = YES;
				GCC_WARN_UNUSED_VARIABLE = YES;
				IPHONEOS_DEPLOYMENT_TARGET = 16.2;
				MTL_ENABLE_DEBUG_INFO = INCLUDE_SOURCE;
				MTL_FAST_MATH = YES;
				ONLY_ACTIVE_ARCH = YES;
				SDKROOT = iphoneos;
				SWIFT_ACTIVE_COMPILATION_CONDITIONS = DEBUG;
				SWIFT_OPTIMIZATION_LEVEL = "-Onone";
			};
			name = Debug;
		};
		D66155742A00235100AE8E63 /* Release */ = {
			isa = XCBuildConfiguration;
			buildSettings = {
				ALWAYS_SEARCH_USER_PATHS = NO;
				CLANG_ANALYZER_NONNULL = YES;
				CLANG_ANALYZER_NUMBER_OBJECT_CONVERSION = YES_AGGRESSIVE;
				CLANG_CXX_LANGUAGE_STANDARD = "gnu++20";
				CLANG_ENABLE_MODULES = YES;
				CLANG_ENABLE_OBJC_ARC = YES;
				CLANG_ENABLE_OBJC_WEAK = YES;
				CLANG_WARN_BLOCK_CAPTURE_AUTORELEASING = YES;
				CLANG_WARN_BOOL_CONVERSION = YES;
				CLANG_WARN_COMMA = YES;
				CLANG_WARN_CONSTANT_CONVERSION = YES;
				CLANG_WARN_DEPRECATED_OBJC_IMPLEMENTATIONS = YES;
				CLANG_WARN_DIRECT_OBJC_ISA_USAGE = YES_ERROR;
				CLANG_WARN_DOCUMENTATION_COMMENTS = YES;
				CLANG_WARN_EMPTY_BODY = YES;
				CLANG_WARN_ENUM_CONVERSION = YES;
				CLANG_WARN_INFINITE_RECURSION = YES;
				CLANG_WARN_INT_CONVERSION = YES;
				CLANG_WARN_NON_LITERAL_NULL_CONVERSION = YES;
				CLANG_WARN_OBJC_IMPLICIT_RETAIN_SELF = YES;
				CLANG_WARN_OBJC_LITERAL_CONVERSION = YES;
				CLANG_WARN_OBJC_ROOT_CLASS = YES_ERROR;
				CLANG_WARN_QUOTED_INCLUDE_IN_FRAMEWORK_HEADER = YES;
				CLANG_WARN_RANGE_LOOP_ANALYSIS = YES;
				CLANG_WARN_STRICT_PROTOTYPES = YES;
				CLANG_WARN_SUSPICIOUS_MOVE = YES;
				CLANG_WARN_UNGUARDED_AVAILABILITY = YES_AGGRESSIVE;
				CLANG_WARN_UNREACHABLE_CODE = YES;
				CLANG_WARN__DUPLICATE_METHOD_MATCH = YES;
				COPY_PHASE_STRIP = NO;
				DEBUG_INFORMATION_FORMAT = "dwarf-with-dsym";
				ENABLE_NS_ASSERTIONS = NO;
				ENABLE_STRICT_OBJC_MSGSEND = YES;
				GCC_C_LANGUAGE_STANDARD = gnu11;
				GCC_NO_COMMON_BLOCKS = YES;
				GCC_WARN_64_TO_32_BIT_CONVERSION = YES;
				GCC_WARN_ABOUT_RETURN_TYPE = YES_ERROR;
				GCC_WARN_UNDECLARED_SELECTOR = YES;
				GCC_WARN_UNINITIALIZED_AUTOS = YES_AGGRESSIVE;
				GCC_WARN_UNUSED_FUNCTION = YES;
				GCC_WARN_UNUSED_VARIABLE = YES;
				IPHONEOS_DEPLOYMENT_TARGET = 16.2;
				MTL_ENABLE_DEBUG_INFO = NO;
				MTL_FAST_MATH = YES;
				SDKROOT = iphoneos;
				SWIFT_COMPILATION_MODE = wholemodule;
				SWIFT_OPTIMIZATION_LEVEL = "-O";
				VALIDATE_PRODUCT = YES;
			};
			name = Release;
		};
		D66155762A00235100AE8E63 /* Debug */ = {
			isa = XCBuildConfiguration;
			buildSettings = {
				ASSETCATALOG_COMPILER_APPICON_NAME = AppIcon;
				ASSETCATALOG_COMPILER_GLOBAL_ACCENT_COLOR_NAME = AccentColor;
				CODE_SIGN_STYLE = Automatic;
				CURRENT_PROJECT_VERSION = 1;
				DEVELOPMENT_ASSET_PATHS = "\"FetchRequest/Preview Content\"";
				DEVELOPMENT_TEAM = 588PCRUA35;
				ENABLE_PREVIEWS = YES;
				GENERATE_INFOPLIST_FILE = YES;
				INFOPLIST_KEY_UIApplicationSceneManifest_Generation = YES;
				INFOPLIST_KEY_UIApplicationSupportsIndirectInputEvents = YES;
				INFOPLIST_KEY_UILaunchScreen_Generation = YES;
				INFOPLIST_KEY_UISupportedInterfaceOrientations_iPad = "UIInterfaceOrientationPortrait UIInterfaceOrientationPortraitUpsideDown UIInterfaceOrientationLandscapeLeft UIInterfaceOrientationLandscapeRight";
				INFOPLIST_KEY_UISupportedInterfaceOrientations_iPhone = "UIInterfaceOrientationPortrait UIInterfaceOrientationLandscapeLeft UIInterfaceOrientationLandscapeRight";
				LD_RUNPATH_SEARCH_PATHS = (
					"$(inherited)",
					"@executable_path/Frameworks",
				);
				MARKETING_VERSION = 1.0;
				PRODUCT_BUNDLE_IDENTIFIER = com.LinwoodTechnologies.FetchRequest;
				PRODUCT_NAME = "$(TARGET_NAME)";
				SWIFT_EMIT_LOC_STRINGS = YES;
				SWIFT_VERSION = 5.0;
				TARGETED_DEVICE_FAMILY = "1,2";
			};
			name = Debug;
		};
		D66155772A00235100AE8E63 /* Release */ = {
			isa = XCBuildConfiguration;
			buildSettings = {
				ASSETCATALOG_COMPILER_APPICON_NAME = AppIcon;
				ASSETCATALOG_COMPILER_GLOBAL_ACCENT_COLOR_NAME = AccentColor;
				CODE_SIGN_STYLE = Automatic;
				CURRENT_PROJECT_VERSION = 1;
				DEVELOPMENT_ASSET_PATHS = "\"FetchRequest/Preview Content\"";
				DEVELOPMENT_TEAM = 588PCRUA35;
				ENABLE_PREVIEWS = YES;
				GENERATE_INFOPLIST_FILE = YES;
				INFOPLIST_KEY_UIApplicationSceneManifest_Generation = YES;
				INFOPLIST_KEY_UIApplicationSupportsIndirectInputEvents = YES;
				INFOPLIST_KEY_UILaunchScreen_Generation = YES;
				INFOPLIST_KEY_UISupportedInterfaceOrientations_iPad = "UIInterfaceOrientationPortrait UIInterfaceOrientationPortraitUpsideDown UIInterfaceOrientationLandscapeLeft UIInterfaceOrientationLandscapeRight";
				INFOPLIST_KEY_UISupportedInterfaceOrientations_iPhone = "UIInterfaceOrientationPortrait UIInterfaceOrientationLandscapeLeft UIInterfaceOrientationLandscapeRight";
				LD_RUNPATH_SEARCH_PATHS = (
					"$(inherited)",
					"@executable_path/Frameworks",
				);
				MARKETING_VERSION = 1.0;
				PRODUCT_BUNDLE_IDENTIFIER = com.LinwoodTechnologies.FetchRequest;
				PRODUCT_NAME = "$(TARGET_NAME)";
				SWIFT_EMIT_LOC_STRINGS = YES;
				SWIFT_VERSION = 5.0;
				TARGETED_DEVICE_FAMILY = "1,2";
			};
			name = Release;
		};
		D66155D62A02C9F300AE8E63 /* Debug */ = {
			isa = XCBuildConfiguration;
			buildSettings = {
				BUNDLE_LOADER = "$(TEST_HOST)";
				CODE_SIGN_STYLE = Automatic;
				CURRENT_PROJECT_VERSION = 1;
				DEVELOPMENT_TEAM = 588PCRUA35;
				GENERATE_INFOPLIST_FILE = YES;
				MARKETING_VERSION = 1.0;
				PRODUCT_BUNDLE_IDENTIFIER = com.LinwoodTechnologies.FetchRequestTests;
				PRODUCT_NAME = "$(TARGET_NAME)";
				SWIFT_EMIT_LOC_STRINGS = NO;
				SWIFT_VERSION = 5.0;
				TARGETED_DEVICE_FAMILY = "1,2";
				TEST_HOST = "$(BUILT_PRODUCTS_DIR)/FetchRequest.app/$(BUNDLE_EXECUTABLE_FOLDER_PATH)/FetchRequest";
			};
			name = Debug;
		};
		D66155D72A02C9F300AE8E63 /* Release */ = {
			isa = XCBuildConfiguration;
			buildSettings = {
				BUNDLE_LOADER = "$(TEST_HOST)";
				CODE_SIGN_STYLE = Automatic;
				CURRENT_PROJECT_VERSION = 1;
				DEVELOPMENT_TEAM = 588PCRUA35;
				GENERATE_INFOPLIST_FILE = YES;
				MARKETING_VERSION = 1.0;
				PRODUCT_BUNDLE_IDENTIFIER = com.LinwoodTechnologies.FetchRequestTests;
				PRODUCT_NAME = "$(TARGET_NAME)";
				SWIFT_EMIT_LOC_STRINGS = NO;
				SWIFT_VERSION = 5.0;
				TARGETED_DEVICE_FAMILY = "1,2";
				TEST_HOST = "$(BUILT_PRODUCTS_DIR)/FetchRequest.app/$(BUNDLE_EXECUTABLE_FOLDER_PATH)/FetchRequest";
			};
			name = Release;
		};
/* End XCBuildConfiguration section */

/* Begin XCConfigurationList section */
		D66155622A00235000AE8E63 /* Build configuration list for PBXProject "FetchRequest" */ = {
			isa = XCConfigurationList;
			buildConfigurations = (
				D66155732A00235100AE8E63 /* Debug */,
				D66155742A00235100AE8E63 /* Release */,
			);
			defaultConfigurationIsVisible = 0;
			defaultConfigurationName = Release;
		};
		D66155752A00235100AE8E63 /* Build configuration list for PBXNativeTarget "FetchRequest" */ = {
			isa = XCConfigurationList;
			buildConfigurations = (
				D66155762A00235100AE8E63 /* Debug */,
				D66155772A00235100AE8E63 /* Release */,
			);
			defaultConfigurationIsVisible = 0;
			defaultConfigurationName = Release;
		};
		D66155D82A02C9F300AE8E63 /* Build configuration list for PBXNativeTarget "FetchRequestTests" */ = {
			isa = XCConfigurationList;
			buildConfigurations = (
				D66155D62A02C9F300AE8E63 /* Debug */,
				D66155D72A02C9F300AE8E63 /* Release */,
			);
			defaultConfigurationIsVisible = 0;
			defaultConfigurationName = Release;
		};
/* End XCConfigurationList section */
	};
	rootObject = D661555F2A00235000AE8E63 /* Project object */;
}
